
Microsoft Visual Studio Solution File, Format Version 12.00
# Visual Studio 15
VisualStudioVersion = 15.0.28010.2046
MinimumVisualStudioVersion = 10.0.40219.1
Project("{FAE04EC0-301F-11D3-BF4B-00C04F79EFBC}") = "IComparable Interface", "IComparable Interface\IComparable Interface.csproj", "{023B45B9-C8F4-41A8-83FC-7E48DA535EA8}"
EndProject
Global
	GlobalSection(SolutionConfigurationPlatforms) = preSolution
		Debug|Any CPU = Debug|Any CPU
		Release|Any CPU = Release|Any CPU
	EndGlobalSection
	GlobalSection(ProjectConfigurationPlatforms) = postSolution
		{023B45B9-C8F4-41A8-83FC-7E48DA535EA8}.Debug|Any CPU.ActiveCfg = Debug|Any CPU
		{023B45B9-C8F4-41A8-83FC-7E48DA535EA8}.Debug|Any CPU.Build.0 = Debug|Any CPU
		{023B45B9-C8F4-41A8-83FC-7E48DA535EA8}.Release|Any CPU.ActiveCfg = Release|Any CPU
		{023B45B9-C8F4-41A8-83FC-7E48DA535EA8}.Release|Any CPU.Build.0 = Release|Any CPU
	EndGlobalSection
	GlobalSection(SolutionProperties) = preSolution
		HideSolutionNode = FALSE
	EndGlobalSection
	GlobalSection(ExtensibilityGlobals) = postSolution
		SolutionGuid = {F15DF269-B5B4-4593-90D4-C6AE61C7C2BD}
	EndGlobalSection
EndGlobal
